
Microsoft Visual Studio Solution File, Format Version 12.00
# Visual Studio 15
VisualStudioVersion = 15.0.26430.6
MinimumVisualStudioVersion = 10.0.40219.1
Project("{888888A0-9F3D-457C-B088-3A5042F75D52}") = "code_clinic_ex4", "code_clinic_ex4.pyproj", "{1CEC5FA3-D603-421D-8D18-5D55D1CCCF92}"
EndProject
Global
	GlobalSection(SolutionConfigurationPlatforms) = preSolution
		Debug|Any CPU = Debug|Any CPU
		Release|Any CPU = Release|Any CPU
	EndGlobalSection
	GlobalSection(ProjectConfigurationPlatforms) = postSolution
		{1CEC5FA3-D603-421D-8D18-5D55D1CCCF92}.Debug|Any CPU.ActiveCfg = Debug|Any CPU
		{1CEC5FA3-D603-421D-8D18-5D55D1CCCF92}.Release|Any CPU.ActiveCfg = Release|Any CPU
	EndGlobalSection
	GlobalSection(SolutionProperties) = preSolution
		HideSolutionNode = FALSE
	EndGlobalSection
EndGlobal
